
Microsoft Visual Studio Solution File, Format Version 12.00
# Visual Studio Version 17
VisualStudioVersion = 17.5.002.0
MinimumVisualStudioVersion = 10.0.40219.1
Project("{9A19103F-16F7-4668-BE54-9A1E7A4F7556}") = "how-would-they-react-dotnet", "how-would-they-react-dotnet\how-would-they-react-dotnet.csproj", "{DF8528E0-0793-4B51-9449-6C4CCFA6CED5}"
EndProject
Global
	GlobalSection(SolutionConfigurationPlatforms) = preSolution
		Debug|Any CPU = Debug|Any CPU
		Release|Any CPU = Release|Any CPU
	EndGlobalSection
	GlobalSection(ProjectConfigurationPlatforms) = postSolution
		{DF8528E0-0793-4B51-9449-6C4CCFA6CED5}.Debug|Any CPU.ActiveCfg = Debug|Any CPU
		{DF8528E0-0793-4B51-9449-6C4CCFA6CED5}.Debug|Any CPU.Build.0 = Debug|Any CPU
		{DF8528E0-0793-4B51-9449-6C4CCFA6CED5}.Release|Any CPU.ActiveCfg = Release|Any CPU
		{DF8528E0-0793-4B51-9449-6C4CCFA6CED5}.Release|Any CPU.Build.0 = Release|Any CPU
	EndGlobalSection
	GlobalSection(SolutionProperties) = preSolution
		HideSolutionNode = FALSE
	EndGlobalSection
	GlobalSection(ExtensibilityGlobals) = postSolution
		SolutionGuid = {48807BD7-3BA2-46F0-BA17-E0938928C228}
	EndGlobalSection
EndGlobal
